PODS:
  - DeepLinkKit (1.2.2)
  - JSONModel (1.5.1)

DEPENDENCIES:
  - DeepLinkKit (~> 1.2.2)
  - JSONModel (~> 1.5.1)

SPEC REPOS:
  https://github.com/cocoapods/specs.git:
    - DeepLinkKit
    - JSONModel

SPEC CHECKSUMS:
  DeepLinkKit: e8f59860e13714f7467b831499e052dc8da51924
  JSONModel: fd2553dc9e6608a3f35bfc956a14be35395d3852

PODFILE CHECKSUM: 948e1a0afec2a76d4edd84129e11680baabcb369

COCOAPODS: 1.5.3
